
Microsoft Visual Studio Solution File, Format Version 12.00
# Visual Studio 15
VisualStudioVersion = 15.0.27729.1
MinimumVisualStudioVersion = 10.0.40219.1
Project("{9A19103F-16F7-4668-BE54-9A1E7A4F7556}") = "MySignalr", "MySignalr\MySignalr.csproj", "{2F06F617-9D5C-414B-A472-FDB9ACED1F82}"
EndProject 
Global
	GlobalSection(SolutionConfigurationPlatforms) = preSolution
		Debug|Any CPU = Debug|Any CPU
		Release|Any CPU = Release|Any CPU
	EndGlobalSection
	GlobalSection(ProjectConfigurationPlatforms) = postSolution
		{9DC3CFD8-4470-4D67-9766-D814412539C5}.Debug|Any CPU.ActiveCfg = Debug|Any CPU
		{9DC3CFD8-4470-4D67-9766-D814412539C5}.Debug|Any CPU.Build.0 = Debug|Any CPU
		{9DC3CFD8-4470-4D67-9766-D814412539C5}.Release|Any CPU.ActiveCfg = Release|Any CPU
		{9DC3CFD8-4470-4D67-9766-D814412539C5}.Release|Any CPU.Build.0 = Release|Any CPU
		{F4B8555D-E2B2-4BA7-B0D8-777680D648FF}.Debug|Any CPU.ActiveCfg = Debug|Any CPU
		{F4B8555D-E2B2-4BA7-B0D8-777680D648FF}.Debug|Any CPU.Build.0 = Debug|Any CPU
		{F4B8555D-E2B2-4BA7-B0D8-777680D648FF}.Release|Any CPU.ActiveCfg = Release|Any CPU
		{F4B8555D-E2B2-4BA7-B0D8-777680D648FF}.Release|Any CPU.Build.0 = Release|Any CPU
		{1496222E-6708-4FE5-83E7-DF6D0E5B4BDC}.Debug|Any CPU.ActiveCfg = Debug|Any CPU
		{1496222E-6708-4FE5-83E7-DF6D0E5B4BDC}.Debug|Any CPU.Build.0 = Debug|Any CPU
		{1496222E-6708-4FE5-83E7-DF6D0E5B4BDC}.Release|Any CPU.ActiveCfg = Release|Any CPU
		{1496222E-6708-4FE5-83E7-DF6D0E5B4BDC}.Release|Any CPU.Build.0 = Release|Any CPU
		{2F06F617-9D5C-414B-A472-FDB9ACED1F82}.Debug|Any CPU.ActiveCfg = Debug|Any CPU
		{2F06F617-9D5C-414B-A472-FDB9ACED1F82}.Debug|Any CPU.Build.0 = Debug|Any CPU
		{2F06F617-9D5C-414B-A472-FDB9ACED1F82}.Release|Any CPU.ActiveCfg = Release|Any CPU
		{2F06F617-9D5C-414B-A472-FDB9ACED1F82}.Release|Any CPU.Build.0 = Release|Any CPU
		{65E1F2E0-ED72-4AD0-BCA0-9863BE2BF3B4}.Debug|Any CPU.ActiveCfg = Debug|Any CPU
		{65E1F2E0-ED72-4AD0-BCA0-9863BE2BF3B4}.Debug|Any CPU.Build.0 = Debug|Any CPU
		{65E1F2E0-ED72-4AD0-BCA0-9863BE2BF3B4}.Release|Any CPU.ActiveCfg = Release|Any CPU
		{65E1F2E0-ED72-4AD0-BCA0-9863BE2BF3B4}.Release|Any CPU.Build.0 = Release|Any CPU
		{C65DB7E4-5F27-455E-9839-D4A51CCCA185}.Debug|Any CPU.ActiveCfg = Debug|Any CPU
		{C65DB7E4-5F27-455E-9839-D4A51CCCA185}.Debug|Any CPU.Build.0 = Debug|Any CPU
		{C65DB7E4-5F27-455E-9839-D4A51CCCA185}.Release|Any CPU.ActiveCfg = Release|Any CPU
		{C65DB7E4-5F27-455E-9839-D4A51CCCA185}.Release|Any CPU.Build.0 = Release|Any CPU
		{C46D9227-C214-4F95-AE1F-67510B0DECC8}.Debug|Any CPU.ActiveCfg = Debug|Any CPU
		{C46D9227-C214-4F95-AE1F-67510B0DECC8}.Debug|Any CPU.Build.0 = Debug|Any CPU
		{C46D9227-C214-4F95-AE1F-67510B0DECC8}.Release|Any CPU.ActiveCfg = Release|Any CPU
		{C46D9227-C214-4F95-AE1F-67510B0DECC8}.Release|Any CPU.Build.0 = Release|Any CPU
		{F23E9269-ABAD-4853-971F-2F7F33C5CDFE}.Debug|Any CPU.ActiveCfg = Debug|Any CPU
		{F23E9269-ABAD-4853-971F-2F7F33C5CDFE}.Debug|Any CPU.Build.0 = Debug|Any CPU
		{F23E9269-ABAD-4853-971F-2F7F33C5CDFE}.Release|Any CPU.ActiveCfg = Release|Any CPU
		{F23E9269-ABAD-4853-971F-2F7F33C5CDFE}.Release|Any CPU.Build.0 = Release|Any CPU
		{6F4554B6-F075-4F25-B394-49B8D2A0F9DF}.Debug|Any CPU.ActiveCfg = Debug|Any CPU
		{6F4554B6-F075-4F25-B394-49B8D2A0F9DF}.Debug|Any CPU.Build.0 = Debug|Any CPU
		{6F4554B6-F075-4F25-B394-49B8D2A0F9DF}.Release|Any CPU.ActiveCfg = Release|Any CPU
		{6F4554B6-F075-4F25-B394-49B8D2A0F9DF}.Release|Any CPU.Build.0 = Release|Any CPU
		{14D0072B-D8DE-492A-9D9B-D72E5691B0A5}.Debug|Any CPU.ActiveCfg = Debug|Any CPU
		{14D0072B-D8DE-492A-9D9B-D72E5691B0A5}.Debug|Any CPU.Build.0 = Debug|Any CPU
		{14D0072B-D8DE-492A-9D9B-D72E5691B0A5}.Release|Any CPU.ActiveCfg = Release|Any CPU
		{14D0072B-D8DE-492A-9D9B-D72E5691B0A5}.Release|Any CPU.Build.0 = Release|Any CPU
		{EBEF40CB-646E-4E98-848B-58BDC3B98B83}.Debug|Any CPU.ActiveCfg = Debug|Any CPU
		{EBEF40CB-646E-4E98-848B-58BDC3B98B83}.Debug|Any CPU.Build.0 = Debug|Any CPU
		{EBEF40CB-646E-4E98-848B-58BDC3B98B83}.Release|Any CPU.ActiveCfg = Release|Any CPU
		{EBEF40CB-646E-4E98-848B-58BDC3B98B83}.Release|Any CPU.Build.0 = Release|Any CPU
		{8C9F835B-602C-42D7-8146-91CC93E297C9}.Debug|Any CPU.ActiveCfg = Debug|Any CPU
		{8C9F835B-602C-42D7-8146-91CC93E297C9}.Debug|Any CPU.Build.0 = Debug|Any CPU
		{8C9F835B-602C-42D7-8146-91CC93E297C9}.Release|Any CPU.ActiveCfg = Release|Any CPU
		{8C9F835B-602C-42D7-8146-91CC93E297C9}.Release|Any CPU.Build.0 = Release|Any CPU
		{4176C038-079A-453E-B8DD-38B03708DF97}.Debug|Any CPU.ActiveCfg = Debug|Any CPU
		{4176C038-079A-453E-B8DD-38B03708DF97}.Debug|Any CPU.Build.0 = Debug|Any CPU
		{4176C038-079A-453E-B8DD-38B03708DF97}.Release|Any CPU.ActiveCfg = Release|Any CPU
		{4176C038-079A-453E-B8DD-38B03708DF97}.Release|Any CPU.Build.0 = Release|Any CPU
		{D83CC66C-1CDF-4A73-B58F-4A2598F230AD}.Debug|Any CPU.ActiveCfg = Debug|Any CPU
		{D83CC66C-1CDF-4A73-B58F-4A2598F230AD}.Debug|Any CPU.Build.0 = Debug|Any CPU
		{D83CC66C-1CDF-4A73-B58F-4A2598F230AD}.Release|Any CPU.ActiveCfg = Release|Any CPU
		{D83CC66C-1CDF-4A73-B58F-4A2598F230AD}.Release|Any CPU.Build.0 = Release|Any CPU
		{C319ED24-3724-4F25-AF06-C4AC1DD68525}.Debug|Any CPU.ActiveCfg = Debug|Any CPU
		{C319ED24-3724-4F25-AF06-C4AC1DD68525}.Debug|Any CPU.Build.0 = Debug|Any CPU
		{C319ED24-3724-4F25-AF06-C4AC1DD68525}.Release|Any CPU.ActiveCfg = Release|Any CPU
		{C319ED24-3724-4F25-AF06-C4AC1DD68525}.Release|Any CPU.Build.0 = Release|Any CPU
		{B6FB9855-1439-45A6-B50D-CF015E684A9E}.Debug|Any CPU.ActiveCfg = Debug|Any CPU
		{B6FB9855-1439-45A6-B50D-CF015E684A9E}.Debug|Any CPU.Build.0 = Debug|Any CPU
		{B6FB9855-1439-45A6-B50D-CF015E684A9E}.Release|Any CPU.ActiveCfg = Release|Any CPU
		{B6FB9855-1439-45A6-B50D-CF015E684A9E}.Release|Any CPU.Build.0 = Release|Any CPU
		{9985BF57-3FDF-44BC-ACF1-78BF48B58DD1}.Debug|Any CPU.ActiveCfg = Debug|Any CPU
		{9985BF57-3FDF-44BC-ACF1-78BF48B58DD1}.Debug|Any CPU.Build.0 = Debug|Any CPU
		{9985BF57-3FDF-44BC-ACF1-78BF48B58DD1}.Release|Any CPU.ActiveCfg = Release|Any CPU
		{9985BF57-3FDF-44BC-ACF1-78BF48B58DD1}.Release|Any CPU.Build.0 = Release|Any CPU
		{FE8D2C18-A897-471F-A0A0-F73742E111E0}.Debug|Any CPU.ActiveCfg = Debug|Any CPU
		{FE8D2C18-A897-471F-A0A0-F73742E111E0}.Debug|Any CPU.Build.0 = Debug|Any CPU
		{FE8D2C18-A897-471F-A0A0-F73742E111E0}.Release|Any CPU.ActiveCfg = Release|Any CPU
		{FE8D2C18-A897-471F-A0A0-F73742E111E0}.Release|Any CPU.Build.0 = Release|Any CPU
		{D5177101-E885-4D7A-BDB5-84C5312B919A}.Debug|Any CPU.ActiveCfg = Debug|Any CPU
		{D5177101-E885-4D7A-BDB5-84C5312B919A}.Debug|Any CPU.Build.0 = Debug|Any CPU
		{D5177101-E885-4D7A-BDB5-84C5312B919A}.Release|Any CPU.ActiveCfg = Release|Any CPU
		{D5177101-E885-4D7A-BDB5-84C5312B919A}.Release|Any CPU.Build.0 = Release|Any CPU
		{06695BAC-DA36-4BD5-97CB-A91FE04DF4C1}.Debug|Any CPU.ActiveCfg = Debug|Any CPU
		{06695BAC-DA36-4BD5-97CB-A91FE04DF4C1}.Debug|Any CPU.Build.0 = Debug|Any CPU
		{06695BAC-DA36-4BD5-97CB-A91FE04DF4C1}.Release|Any CPU.ActiveCfg = Release|Any CPU
		{06695BAC-DA36-4BD5-97CB-A91FE04DF4C1}.Release|Any CPU.Build.0 = Release|Any CPU
		{849CD776-41B9-4428-89C8-43E951D7F721}.Debug|Any CPU.ActiveCfg = Debug|Any CPU
		{849CD776-41B9-4428-89C8-43E951D7F721}.Debug|Any CPU.Build.0 = Debug|Any CPU
		{849CD776-41B9-4428-89C8-43E951D7F721}.Release|Any CPU.ActiveCfg = Release|Any CPU
		{849CD776-41B9-4428-89C8-43E951D7F721}.Release|Any CPU.Build.0 = Release|Any CPU
		{9A75707A-C2CC-4B88-B0E9-6101C6C8FBC9}.Debug|Any CPU.ActiveCfg = Debug|Any CPU
		{9A75707A-C2CC-4B88-B0E9-6101C6C8FBC9}.Debug|Any CPU.Build.0 = Debug|Any CPU
		{9A75707A-C2CC-4B88-B0E9-6101C6C8FBC9}.Release|Any CPU.ActiveCfg = Release|Any CPU
		{9A75707A-C2CC-4B88-B0E9-6101C6C8FBC9}.Release|Any CPU.Build.0 = Release|Any CPU
		{CAC57B54-E702-4CE2-A4B2-3DCD087A4D71}.Debug|Any CPU.ActiveCfg = Debug|Any CPU
		{CAC57B54-E702-4CE2-A4B2-3DCD087A4D71}.Debug|Any CPU.Build.0 = Debug|Any CPU
		{CAC57B54-E702-4CE2-A4B2-3DCD087A4D71}.Release|Any CPU.ActiveCfg = Release|Any CPU
		{CAC57B54-E702-4CE2-A4B2-3DCD087A4D71}.Release|Any CPU.Build.0 = Release|Any CPU
		{51EDA414-07B8-47D4-A8D0-B2DBBE3662B0}.Debug|Any CPU.ActiveCfg = Debug|Any CPU
		{51EDA414-07B8-47D4-A8D0-B2DBBE3662B0}.Debug|Any CPU.Build.0 = Debug|Any CPU
		{51EDA414-07B8-47D4-A8D0-B2DBBE3662B0}.Release|Any CPU.ActiveCfg = Release|Any CPU
		{51EDA414-07B8-47D4-A8D0-B2DBBE3662B0}.Release|Any CPU.Build.0 = Release|Any CPU
		{9584114F-8EE7-4244-A5EC-AC751527D607}.Debug|Any CPU.ActiveCfg = Debug|Any CPU
		{9584114F-8EE7-4244-A5EC-AC751527D607}.Debug|Any CPU.Build.0 = Debug|Any CPU
		{9584114F-8EE7-4244-A5EC-AC751527D607}.Release|Any CPU.ActiveCfg = Release|Any CPU
		{9584114F-8EE7-4244-A5EC-AC751527D607}.Release|Any CPU.Build.0 = Release|Any CPU
		{83B302DE-BCBC-4AF9-AAB4-C781D110BF7C}.Debug|Any CPU.ActiveCfg = Debug|Any CPU
		{83B302DE-BCBC-4AF9-AAB4-C781D110BF7C}.Debug|Any CPU.Build.0 = Debug|Any CPU
		{83B302DE-BCBC-4AF9-AAB4-C781D110BF7C}.Release|Any CPU.ActiveCfg = Release|Any CPU
		{83B302DE-BCBC-4AF9-AAB4-C781D110BF7C}.Release|Any CPU.Build.0 = Release|Any CPU
		{48AAFCE2-A161-41EB-AA8F-2E2DFAC8C30B}.Debug|Any CPU.ActiveCfg = Debug|Any CPU
		{48AAFCE2-A161-41EB-AA8F-2E2DFAC8C30B}.Debug|Any CPU.Build.0 = Debug|Any CPU
		{48AAFCE2-A161-41EB-AA8F-2E2DFAC8C30B}.Release|Any CPU.ActiveCfg = Release|Any CPU
		{48AAFCE2-A161-41EB-AA8F-2E2DFAC8C30B}.Release|Any CPU.Build.0 = Release|Any CPU
		{4E07AFA0-8BE9-469A-A9FA-C06CA8878275}.Debug|Any CPU.ActiveCfg = Debug|Any CPU
		{4E07AFA0-8BE9-469A-A9FA-C06CA8878275}.Debug|Any CPU.Build.0 = Debug|Any CPU
		{4E07AFA0-8BE9-469A-A9FA-C06CA8878275}.Release|Any CPU.ActiveCfg = Release|Any CPU
		{4E07AFA0-8BE9-469A-A9FA-C06CA8878275}.Release|Any CPU.Build.0 = Release|Any CPU
	EndGlobalSection
	GlobalSection(SolutionProperties) = preSolution
		HideSolutionNode = FALSE
	EndGlobalSection
	GlobalSection(ExtensibilityGlobals) = postSolution
		SolutionGuid = {2A5A639F-8B63-4961-982F-565E2BB2CB63}
	EndGlobalSection
EndGlobal
